<Solution>
  <Folder Name="/Agents/">
    <File Path=".github/copilot-instructions.md" />
    <File Path=".mcp.json" />
    <File Path=".vscode/mcp.json" />
    <File Path="AGENTS.md" />
  </Folder>
  <Folder Name="/Aspire/">
    <File Path=".aspire/settings.json" />
    <File Path="aspire.config.json" />
  </Folder>
  <Folder Name="/Docs/">
    <File Path="CONTAINER.md" />
    <File Path="LICENSE" />
    <File Path="README.md" />
    <File Path="TODO.md" />
  </Folder>
  <Folder Name="/GitHub Workflows/">
    <File Path=".github/workflows/build.yml" />
  </Folder>
  <Folder Name="/NuGet/">
    <File Path="nuget.config" />
  </Folder>
  <Project Path="src/ImageMapper.AppHost/ImageMapper.AppHost.csproj" />
  <Project Path="src/ImageMapper.RazorLib/ImageMapper.RazorLib.csproj">
    <BuildDependency Project="src/ImageMapper.Services/ImageMapper.Services.csproj" />
  </Project>
  <Project Path="src/ImageMapper.ServiceDefaults/ImageMapper.ServiceDefaults.csproj" />
  <Project Path="src/ImageMapper.Services/ImageMapper.Services.csproj" />
  <Project Path="src/ImageMapper.Tests/ImageMapper.Tests.csproj" Id="002fb29d-a214-4a60-b9f8-4de3aa9b8f44" />
  <Project Path="src/ImageMapper.Web/ImageMapper.Web.csproj">
    <BuildDependency Project="src/ImageMapper.RazorLib/ImageMapper.RazorLib.csproj" />
    <BuildDependency Project="src/ImageMapper.Services/ImageMapper.Services.csproj" />
  </Project>
</Solution>
